// !$*UTF8*$!
{
	archiveVersion = 1;
	classes = {
	};
	objectVersion = 77;
	objects = {

/* Begin PBXBuildFile section */
		F401C6362D1C2180007B98AA /* LICENSE in Resources */ = {isa = PBXBuildFile; fileRef = F401C6352D1C217A007B98AA /* LICENSE */; };
		F401C6382D1C2195007B98AA /* README.md in Resources */ = {isa = PBXBuildFile; fileRef = F401C6372D1C2192007B98AA /* README.md */; };
		F401C66D2D1C2831007B98AA /* HotKey in Frameworks */ = {isa = PBXBuildFile; productRef = F401C66C2D1C2831007B98AA /* HotKey */; };
		F401C6AE2D31811A007B98AA /* Defaults in Frameworks */ = {isa = PBXBuildFile; productRef = F401C6AD2D31811A007B98AA /* Defaults */; };
		F401C6B12D318156007B98AA /* KeyboardShortcuts in Frameworks */ = {isa = PBXBuildFile; productRef = F401C6B02D318156007B98AA /* KeyboardShortcuts */; };
/* End PBXBuildFile section */

/* Begin PBXContainerItemProxy section */
		F401C6192D1C2122007B98AA /* PBXContainerItemProxy */ = {
			isa = PBXContainerItemProxy;
			containerPortal = F401C5FD2D1C2121007B98AA /* Project object */;
			proxyType = 1;
			remoteGlobalIDString = F401C6042D1C2121007B98AA;
			remoteInfo = KupaClip;
		};
		F401C6232D1C2122007B98AA /* PBXContainerItemProxy */ = {
			isa = PBXContainerItemProxy;
			containerPortal = F401C5FD2D1C2121007B98AA /* Project object */;
			proxyType = 1;
			remoteGlobalIDString = F401C6042D1C2121007B98AA;
			remoteInfo = KupaClip;
		};
/* End PBXContainerItemProxy section */

/* Begin PBXFileReference section */
		F401C6052D1C2121007B98AA /* KupaClip.app */ = {isa = PBXFileReference; explicitFileType = wrapper.application; includeInIndex = 0; path = KupaClip.app; sourceTree = BUILT_PRODUCTS_DIR; };
		F401C6182D1C2122007B98AA /* KupaClipTests.xctest */ = {isa = PBXFileReference; explicitFileType = wrapper.cfbundle; includeInIndex = 0; path = KupaClipTests.xctest; sourceTree = BUILT_PRODUCTS_DIR; };
		F401C6222D1C2122007B98AA /* KupaClipUITests.xctest */ = {isa = PBXFileReference; explicitFileType = wrapper.cfbundle; includeInIndex = 0; path = KupaClipUITests.xctest; sourceTree = BUILT_PRODUCTS_DIR; };
		F401C6352D1C217A007B98AA /* LICENSE */ = {isa = PBXFileReference; lastKnownFileType = text; path = LICENSE; sourceTree = "<group>"; };
		F401C6372D1C2192007B98AA /* README.md */ = {isa = PBXFileReference; lastKnownFileType = net.daringfireball.markdown; path = README.md; sourceTree = "<group>"; };
/* End PBXFileReference section */

/* Begin PBXFileSystemSynchronizedRootGroup section */
		F401C6072D1C2121007B98AA /* KupaClip */ = {
			isa = PBXFileSystemSynchronizedRootGroup;
			path = KupaClip;
			sourceTree = "<group>";
		};
		F401C61B2D1C2122007B98AA /* KupaClipTests */ = {
			isa = PBXFileSystemSynchronizedRootGroup;
			path = KupaClipTests;
			sourceTree = "<group>";
		};
		F401C6252D1C2122007B98AA /* KupaClipUITests */ = {
			isa = PBXFileSystemSynchronizedRootGroup;
			path = KupaClipUITests;
			sourceTree = "<group>";
		};
/* End PBXFileSystemSynchronizedRootGroup section */

/* Begin PBXFrameworksBuildPhase section */
		F401C6022D1C2121007B98AA /* Frameworks */ = {
			isa = PBXFrameworksBuildPhase;
			buildActionMask = 2147483647;
			files = (
				F401C6AE2D31811A007B98AA /* Defaults in Frameworks */,
				F401C66D2D1C2831007B98AA /* HotKey in Frameworks */,
				F401C6B12D318156007B98AA /* KeyboardShortcuts in Frameworks */,
			);
			runOnlyForDeploymentPostprocessing = 0;
		};
		F401C6152D1C2122007B98AA /* Frameworks */ = {
			isa = PBXFrameworksBuildPhase;
			buildActionMask = 2147483647;
			files = (
			);
			runOnlyForDeploymentPostprocessing = 0;
		};
		F401C61F2D1C2122007B98AA /* Frameworks */ = {
			isa = PBXFrameworksBuildPhase;
			buildActionMask = 2147483647;
			files = (
			);
			runOnlyForDeploymentPostprocessing = 0;
		};
/* End PBXFrameworksBuildPhase section */

/* Begin PBXGroup section */
		F401C5FC2D1C2121007B98AA = {
			isa = PBXGroup;
			children = (
				F401C6372D1C2192007B98AA /* README.md */,
				F401C6352D1C217A007B98AA /* LICENSE */,
				F401C6072D1C2121007B98AA /* KupaClip */,
				F401C61B2D1C2122007B98AA /* KupaClipTests */,
				F401C6252D1C2122007B98AA /* KupaClipUITests */,
				F401C6062D1C2121007B98AA /* Products */,
			);
			sourceTree = "<group>";
		};
		F401C6062D1C2121007B98AA /* Products */ = {
			isa = PBXGroup;
			children = (
				F401C6052D1C2121007B98AA /* KupaClip.app */,
				F401C6182D1C2122007B98AA /* KupaClipTests.xctest */,
				F401C6222D1C2122007B98AA /* KupaClipUITests.xctest */,
			);
			name = Products;
			sourceTree = "<group>";
		};
/* End PBXGroup section */

/* Begin PBXNativeTarget section */
		F401C6042D1C2121007B98AA /* KupaClip */ = {
			isa = PBXNativeTarget;
			buildConfigurationList = F401C62C2D1C2122007B98AA /* Build configuration list for PBXNativeTarget "KupaClip" */;
			buildPhases = (
				F401C6012D1C2121007B98AA /* Sources */,
				F401C6022D1C2121007B98AA /* Frameworks */,
				F401C6032D1C2121007B98AA /* Resources */,
			);
			buildRules = (
			);
			dependencies = (
			);
			fileSystemSynchronizedGroups = (
				F401C6072D1C2121007B98AA /* KupaClip */,
			);
			name = KupaClip;
			packageProductDependencies = (
				F401C66C2D1C2831007B98AA /* HotKey */,
				F401C6AD2D31811A007B98AA /* Defaults */,
				F401C6B02D318156007B98AA /* KeyboardShortcuts */,
			);
			productName = KupaClip;
			productReference = F401C6052D1C2121007B98AA /* KupaClip.app */;
			productType = "com.apple.product-type.application";
		};
		F401C6172D1C2122007B98AA /* KupaClipTests */ = {
			isa = PBXNativeTarget;
			buildConfigurationList = F401C62F2D1C2122007B98AA /* Build configuration list for PBXNativeTarget "KupaClipTests" */;
			buildPhases = (
				F401C6142D1C2122007B98AA /* Sources */,
				F401C6152D1C2122007B98AA /* Frameworks */,
				F401C6162D1C2122007B98AA /* Resources */,
			);
			buildRules = (
			);
			dependencies = (
				F401C61A2D1C2122007B98AA /* PBXTargetDependency */,
			);
			fileSystemSynchronizedGroups = (
				F401C61B2D1C2122007B98AA /* KupaClipTests */,
			);
			name = KupaClipTests;
			packageProductDependencies = (
			);
			productName = KupaClipTests;
			productReference = F401C6182D1C2122007B98AA /* KupaClipTests.xctest */;
			productType = "com.apple.product-type.bundle.unit-test";
		};
		F401C6212D1C2122007B98AA /* KupaClipUITests */ = {
			isa = PBXNativeTarget;
			buildConfigurationList = F401C6322D1C2122007B98AA /* Build configuration list for PBXNativeTarget "KupaClipUITests" */;
			buildPhases = (
				F401C61E2D1C2122007B98AA /* Sources */,
				F401C61F2D1C2122007B98AA /* Frameworks */,
				F401C6202D1C2122007B98AA /* Resources */,
			);
			buildRules = (
			);
			dependencies = (
				F401C6242D1C2122007B98AA /* PBXTargetDependency */,
			);
			fileSystemSynchronizedGroups = (
				F401C6252D1C2122007B98AA /* KupaClipUITests */,
			);
			name = KupaClipUITests;
			packageProductDependencies = (
			);
			productName = KupaClipUITests;
			productReference = F401C6222D1C2122007B98AA /* KupaClipUITests.xctest */;
			productType = "com.apple.product-type.bundle.ui-testing";
		};
/* End PBXNativeTarget section */

/* Begin PBXProject section */
		F401C5FD2D1C2121007B98AA /* Project object */ = {
			isa = PBXProject;
			attributes = {
				BuildIndependentTargetsInParallel = 1;
				LastSwiftUpdateCheck = 1620;
				LastUpgradeCheck = 1620;
				TargetAttributes = {
					F401C6042D1C2121007B98AA = {
						CreatedOnToolsVersion = 16.2;
					};
					F401C6172D1C2122007B98AA = {
						CreatedOnToolsVersion = 16.2;
						TestTargetID = F401C6042D1C2121007B98AA;
					};
					F401C6212D1C2122007B98AA = {
						CreatedOnToolsVersion = 16.2;
						TestTargetID = F401C6042D1C2121007B98AA;
					};
				};
			};
			buildConfigurationList = F401C6002D1C2121007B98AA /* Build configuration list for PBXProject "KupaClip" */;
			developmentRegion = en;
			hasScannedForEncodings = 0;
			knownRegions = (
				en,
				Base,
			);
			mainGroup = F401C5FC2D1C2121007B98AA;
			minimizedProjectReferenceProxies = 1;
			packageReferences = (
				F401C66B2D1C2831007B98AA /* XCRemoteSwiftPackageReference "HotKey" */,
				F401C6AC2D31811A007B98AA /* XCRemoteSwiftPackageReference "Defaults" */,
				F401C6AF2D318156007B98AA /* XCRemoteSwiftPackageReference "KeyboardShortcuts" */,
			);
			preferredProjectObjectVersion = 77;
			productRefGroup = F401C6062D1C2121007B98AA /* Products */;
			projectDirPath = "";
			projectRoot = "";
			targets = (
				F401C6042D1C2121007B98AA /* KupaClip */,
				F401C6172D1C2122007B98AA /* KupaClipTests */,
				F401C6212D1C2122007B98AA /* KupaClipUITests */,
			);
		};
/* End PBXProject section */

/* Begin PBXResourcesBuildPhase section */
		F401C6032D1C2121007B98AA /* Resources */ = {
			isa = PBXResourcesBuildPhase;
			buildActionMask = 2147483647;
			files = (
				F401C6362D1C2180007B98AA /* LICENSE in Resources */,
				F401C6382D1C2195007B98AA /* README.md in Resources */,
			);
			runOnlyForDeploymentPostprocessing = 0;
		};
		F401C6162D1C2122007B98AA /* Resources */ = {
			isa = PBXResourcesBuildPhase;
			buildActionMask = 2147483647;
			files = (
			);
			runOnlyForDeploymentPostprocessing = 0;
		};
		F401C6202D1C2122007B98AA /* Resources */ = {
			isa = PBXResourcesBuildPhase;
			buildActionMask = 2147483647;
			files = (
			);
			runOnlyForDeploymentPostprocessing = 0;
		};
/* End PBXResourcesBuildPhase section */

/* Begin PBXSourcesBuildPhase section */
		F401C6012D1C2121007B98AA /* Sources */ = {
			isa = PBXSourcesBuildPhase;
			buildActionMask = 2147483647;
			files = (
			);
			runOnlyForDeploymentPostprocessing = 0;
		};
		F401C6142D1C2122007B98AA /* Sources */ = {
			isa = PBXSourcesBuildPhase;
			buildActionMask = 2147483647;
			files = (
			);
			runOnlyForDeploymentPostprocessing = 0;
		};
		F401C61E2D1C2122007B98AA /* Sources */ = {
			isa = PBXSourcesBuildPhase;
			buildActionMask = 2147483647;
			files = (
			);
			runOnlyForDeploymentPostprocessing = 0;
		};
/* End PBXSourcesBuildPhase section */

/* Begin PBXTargetDependency section */
		F401C61A2D1C2122007B98AA /* PBXTargetDependency */ = {
			isa = PBXTargetDependency;
			target = F401C6042D1C2121007B98AA /* KupaClip */;
			targetProxy = F401C6192D1C2122007B98AA /* PBXContainerItemProxy */;
		};
		F401C6242D1C2122007B98AA /* PBXTargetDependency */ = {
			isa = PBXTargetDependency;
			target = F401C6042D1C2121007B98AA /* KupaClip */;
			targetProxy = F401C6232D1C2122007B98AA /* PBXContainerItemProxy */;
		};
/* End PBXTargetDependency section */

/* Begin XCBuildConfiguration section */
		F401C62A2D1C2122007B98AA /* Debug */ = {
			isa = XCBuildConfiguration;
			buildSettings = {
				ALWAYS_SEARCH_USER_PATHS = NO;
				ASSETCATALOG_COMPILER_GENERATE_SWIFT_ASSET_SYMBOL_EXTENSIONS = YES;
				CLANG_ANALYZER_NONNULL = YES;
				CLANG_ANALYZER_NUMBER_OBJECT_CONVERSION = YES_AGGRESSIVE;
				CLANG_CXX_LANGUAGE_STANDARD = "gnu++20";
				CLANG_ENABLE_MODULES = YES;
				CLANG_ENABLE_OBJC_ARC = YES;
				CLANG_ENABLE_OBJC_WEAK = YES;
				CLANG_WARN_BLOCK_CAPTURE_AUTORELEASING = YES;
				CLANG_WARN_BOOL_CONVERSION = YES;
				CLANG_WARN_COMMA = YES;
				CLANG_WARN_CONSTANT_CONVERSION = YES;
				CLANG_WARN_DEPRECATED_OBJC_IMPLEMENTATIONS = YES;
				CLANG_WARN_DIRECT_OBJC_ISA_USAGE = YES_ERROR;
				CLANG_WARN_DOCUMENTATION_COMMENTS = YES;
				CLANG_WARN_EMPTY_BODY = YES;
				CLANG_WARN_ENUM_CONVERSION = YES;
				CLANG_WARN_INFINITE_RECURSION = YES;
				CLANG_WARN_INT_CONVERSION = YES;
				CLANG_WARN_NON_LITERAL_NULL_CONVERSION = YES;
				CLANG_WARN_OBJC_IMPLICIT_RETAIN_SELF = YES;
				CLANG_WARN_OBJC_LITERAL_CONVERSION = YES;
				CLANG_WARN_OBJC_ROOT_CLASS = YES_ERROR;
				CLANG_WARN_QUOTED_INCLUDE_IN_FRAMEWORK_HEADER = YES;
				CLANG_WARN_RANGE_LOOP_ANALYSIS = YES;
				CLANG_WARN_STRICT_PROTOTYPES = YES;
				CLANG_WARN_SUSPICIOUS_MOVE = YES;
				CLANG_WARN_UNGUARDED_AVAILABILITY = YES_AGGRESSIVE;
				CLANG_WARN_UNREACHABLE_CODE = YES;
				CLANG_WARN__DUPLICATE_METHOD_MATCH = YES;
				COPY_PHASE_STRIP = NO;
				DEBUG_INFORMATION_FORMAT = dwarf;
				ENABLE_STRICT_OBJC_MSGSEND = YES;
				ENABLE_TESTABILITY = YES;
				ENABLE_USER_SCRIPT_SANDBOXING = YES;
				GCC_C_LANGUAGE_STANDARD = gnu17;
				GCC_DYNAMIC_NO_PIC = NO;
				GCC_NO_COMMON_BLOCKS = YES;
				GCC_OPTIMIZATION_LEVEL = 0;
				GCC_PREPROCESSOR_DEFINITIONS = (
					"DEBUG=1",
					"$(inherited)",
				);
				GCC_WARN_64_TO_32_BIT_CONVERSION = YES;
				GCC_WARN_ABOUT_RETURN_TYPE = YES_ERROR;
				GCC_WARN_UNDECLARED_SELECTOR = YES;
				GCC_WARN_UNINITIALIZED_AUTOS = YES_AGGRESSIVE;
				GCC_WARN_UNUSED_FUNCTION = YES;
				GCC_WARN_UNUSED_VARIABLE = YES;
				LOCALIZATION_PREFERS_STRING_CATALOGS = YES;
				MACOSX_DEPLOYMENT_TARGET = 15.1;
				MTL_ENABLE_DEBUG_INFO = INCLUDE_SOURCE;
				MTL_FAST_MATH = YES;
				ONLY_ACTIVE_ARCH = YES;
				SDKROOT = macosx;
				SWIFT_ACTIVE_COMPILATION_CONDITIONS = "DEBUG $(inherited)";
				SWIFT_OPTIMIZATION_LEVEL = "-Onone";
			};
			name = Debug;
		};
		F401C62B2D1C2122007B98AA /* Release */ = {
			isa = XCBuildConfiguration;
			buildSettings = {
				ALWAYS_SEARCH_USER_PATHS = NO;
				ASSETCATALOG_COMPILER_GENERATE_SWIFT_ASSET_SYMBOL_EXTENSIONS = YES;
				CLANG_ANALYZER_NONNULL = YES;
				CLANG_ANALYZER_NUMBER_OBJECT_CONVERSION = YES_AGGRESSIVE;
				CLANG_CXX_LANGUAGE_STANDARD = "gnu++20";
				CLANG_ENABLE_MODULES = YES;
				CLANG_ENABLE_OBJC_ARC = YES;
				CLANG_ENABLE_OBJC_WEAK = YES;
				CLANG_WARN_BLOCK_CAPTURE_AUTORELEASING = YES;
				CLANG_WARN_BOOL_CONVERSION = YES;
				CLANG_WARN_COMMA = YES;
				CLANG_WARN_CONSTANT_CONVERSION = YES;
				CLANG_WARN_DEPRECATED_OBJC_IMPLEMENTATIONS = YES;
				CLANG_WARN_DIRECT_OBJC_ISA_USAGE = YES_ERROR;
				CLANG_WARN_DOCUMENTATION_COMMENTS = YES;
				CLANG_WARN_EMPTY_BODY = YES;
				CLANG_WARN_ENUM_CONVERSION = YES;
				CLANG_WARN_INFINITE_RECURSION = YES;
				CLANG_WARN_INT_CONVERSION = YES;
				CLANG_WARN_NON_LITERAL_NULL_CONVERSION = YES;
				CLANG_WARN_OBJC_IMPLICIT_RETAIN_SELF = YES;
				CLANG_WARN_OBJC_LITERAL_CONVERSION = YES;
				CLANG_WARN_OBJC_ROOT_CLASS = YES_ERROR;
				CLANG_WARN_QUOTED_INCLUDE_IN_FRAMEWORK_HEADER = YES;
				CLANG_WARN_RANGE_LOOP_ANALYSIS = YES;
				CLANG_WARN_STRICT_PROTOTYPES = YES;
				CLANG_WARN_SUSPICIOUS_MOVE = YES;
				CLANG_WARN_UNGUARDED_AVAILABILITY = YES_AGGRESSIVE;
				CLANG_WARN_UNREACHABLE_CODE = YES;
				CLANG_WARN__DUPLICATE_METHOD_MATCH = YES;
				COPY_PHASE_STRIP = NO;
				DEBUG_INFORMATION_FORMAT = "dwarf-with-dsym";
				ENABLE_NS_ASSERTIONS = NO;
				ENABLE_STRICT_OBJC_MSGSEND = YES;
				ENABLE_USER_SCRIPT_SANDBOXING = YES;
				GCC_C_LANGUAGE_STANDARD = gnu17;
				GCC_NO_COMMON_BLOCKS = YES;
				GCC_WARN_64_TO_32_BIT_CONVERSION = YES;
				GCC_WARN_ABOUT_RETURN_TYPE = YES_ERROR;
				GCC_WARN_UNDECLARED_SELECTOR = YES;
				GCC_WARN_UNINITIALIZED_AUTOS = YES_AGGRESSIVE;
				GCC_WARN_UNUSED_FUNCTION = YES;
				GCC_WARN_UNUSED_VARIABLE = YES;
				LOCALIZATION_PREFERS_STRING_CATALOGS = YES;
				MACOSX_DEPLOYMENT_TARGET = 15.1;
				MTL_ENABLE_DEBUG_INFO = NO;
				MTL_FAST_MATH = YES;
				SDKROOT = macosx;
				SWIFT_COMPILATION_MODE = wholemodule;
			};
			name = Release;
		};
		F401C62D2D1C2122007B98AA /* Debug */ = {
			isa = XCBuildConfiguration;
			buildSettings = {
				ASSETCATALOG_COMPILER_APPICON_NAME = AppIcon;
				ASSETCATALOG_COMPILER_GLOBAL_ACCENT_COLOR_NAME = AccentColor;
				CODE_SIGN_ENTITLEMENTS = KupaClip/KupaClip.entitlements;
				CODE_SIGN_STYLE = Automatic;
				COMBINE_HIDPI_IMAGES = YES;
				CURRENT_PROJECT_VERSION = 1;
				DEVELOPMENT_ASSET_PATHS = "\"KupaClip/Preview Content\"";
				ENABLE_PREVIEWS = YES;
				GENERATE_INFOPLIST_FILE = YES;
				INFOPLIST_KEY_NSHumanReadableCopyright = "";
				LD_RUNPATH_SEARCH_PATHS = (
					"$(inherited)",
					"@executable_path/../Frameworks",
				);
				MACOSX_DEPLOYMENT_TARGET = 14.0;
				MARKETING_VERSION = 1.0;
				PRODUCT_BUNDLE_IDENTIFIER = bohdandan.KupaClip;
				PRODUCT_NAME = "$(TARGET_NAME)";
				SWIFT_EMIT_LOC_STRINGS = YES;
				SWIFT_VERSION = 5.0;
			};
			name = Debug;
		};
		F401C62E2D1C2122007B98AA /* Release */ = {
			isa = XCBuildConfiguration;
			buildSettings = {
				ASSETCATALOG_COMPILER_APPICON_NAME = AppIcon;
				ASSETCATALOG_COMPILER_GLOBAL_ACCENT_COLOR_NAME = AccentColor;
				CODE_SIGN_ENTITLEMENTS = KupaClip/KupaClip.entitlements;
				CODE_SIGN_STYLE = Automatic;
				COMBINE_HIDPI_IMAGES = YES;
				CURRENT_PROJECT_VERSION = 1;
				DEVELOPMENT_ASSET_PATHS = "\"KupaClip/Preview Content\"";
				ENABLE_PREVIEWS = YES;
				GENERATE_INFOPLIST_FILE = YES;
				INFOPLIST_KEY_NSHumanReadableCopyright = "";
				LD_RUNPATH_SEARCH_PATHS = (
					"$(inherited)",
					"@executable_path/../Frameworks",
				);
				MACOSX_DEPLOYMENT_TARGET = 14.0;
				MARKETING_VERSION = 1.0;
				PRODUCT_BUNDLE_IDENTIFIER = bohdandan.KupaClip;
				PRODUCT_NAME = "$(TARGET_NAME)";
				SWIFT_EMIT_LOC_STRINGS = YES;
				SWIFT_VERSION = 5.0;
			};
			name = Release;
		};
		F401C6302D1C2122007B98AA /* Debug */ = {
			isa = XCBuildConfiguration;
			buildSettings = {
				BUNDLE_LOADER = "$(TEST_HOST)";
				CODE_SIGN_STYLE = Automatic;
				CURRENT_PROJECT_VERSION = 1;
				GENERATE_INFOPLIST_FILE = YES;
				MACOSX_DEPLOYMENT_TARGET = 14.0;
				MARKETING_VERSION = 1.0;
				PRODUCT_BUNDLE_IDENTIFIER = bohdandan.KupaClipTests;
				PRODUCT_NAME = "$(TARGET_NAME)";
				SWIFT_EMIT_LOC_STRINGS = NO;
				SWIFT_VERSION = 5.0;
				TEST_HOST = "$(BUILT_PRODUCTS_DIR)/KupaClip.app/$(BUNDLE_EXECUTABLE_FOLDER_PATH)/KupaClip";
			};
			name = Debug;
		};
		F401C6312D1C2122007B98AA /* Release */ = {
			isa = XCBuildConfiguration;
			buildSettings = {
				BUNDLE_LOADER = "$(TEST_HOST)";
				CODE_SIGN_STYLE = Automatic;
				CURRENT_PROJECT_VERSION = 1;
				GENERATE_INFOPLIST_FILE = YES;
				MACOSX_DEPLOYMENT_TARGET = 14.0;
				MARKETING_VERSION = 1.0;
				PRODUCT_BUNDLE_IDENTIFIER = bohdandan.KupaClipTests;
				PRODUCT_NAME = "$(TARGET_NAME)";
				SWIFT_EMIT_LOC_STRINGS = NO;
				SWIFT_VERSION = 5.0;
				TEST_HOST = "$(BUILT_PRODUCTS_DIR)/KupaClip.app/$(BUNDLE_EXECUTABLE_FOLDER_PATH)/KupaClip";
			};
			name = Release;
		};
		F401C6332D1C2122007B98AA /* Debug */ = {
			isa = XCBuildConfiguration;
			buildSettings = {
				CODE_SIGN_STYLE = Automatic;
				CURRENT_PROJECT_VERSION = 1;
				GENERATE_INFOPLIST_FILE = YES;
				MARKETING_VERSION = 1.0;
				PRODUCT_BUNDLE_IDENTIFIER = bohdandan.KupaClipUITests;
				PRODUCT_NAME = "$(TARGET_NAME)";
				SWIFT_EMIT_LOC_STRINGS = NO;
				SWIFT_VERSION = 5.0;
				TEST_TARGET_NAME = KupaClip;
			};
			name = Debug;
		};
		F401C6342D1C2122007B98AA /* Release */ = {
			isa = XCBuildConfiguration;
			buildSettings = {
				CODE_SIGN_STYLE = Automatic;
				CURRENT_PROJECT_VERSION = 1;
				GENERATE_INFOPLIST_FILE = YES;
				MARKETING_VERSION = 1.0;
				PRODUCT_BUNDLE_IDENTIFIER = bohdandan.KupaClipUITests;
				PRODUCT_NAME = "$(TARGET_NAME)";
				SWIFT_EMIT_LOC_STRINGS = NO;
				SWIFT_VERSION = 5.0;
				TEST_TARGET_NAME = KupaClip;
			};
			name = Release;
		};
/* End XCBuildConfiguration section */

/* Begin XCConfigurationList section */
		F401C6002D1C2121007B98AA /* Build configuration list for PBXProject "KupaClip" */ = {
			isa = XCConfigurationList;
			buildConfigurations = (
				F401C62A2D1C2122007B98AA /* Debug */,
				F401C62B2D1C2122007B98AA /* Release */,
			);
			defaultConfigurationIsVisible = 0;
			defaultConfigurationName = Release;
		};
		F401C62C2D1C2122007B98AA /* Build configuration list for PBXNativeTarget "KupaClip" */ = {
			isa = XCConfigurationList;
			buildConfigurations = (
				F401C62D2D1C2122007B98AA /* Debug */,
				F401C62E2D1C2122007B98AA /* Release */,
			);
			defaultConfigurationIsVisible = 0;
			defaultConfigurationName = Release;
		};
		F401C62F2D1C2122007B98AA /* Build configuration list for PBXNativeTarget "KupaClipTests" */ = {
			isa = XCConfigurationList;
			buildConfigurations = (
				F401C6302D1C2122007B98AA /* Debug */,
				F401C6312D1C2122007B98AA /* Release */,
			);
			defaultConfigurationIsVisible = 0;
			defaultConfigurationName = Release;
		};
		F401C6322D1C2122007B98AA /* Build configuration list for PBXNativeTarget "KupaClipUITests" */ = {
			isa = XCConfigurationList;
			buildConfigurations = (
				F401C6332D1C2122007B98AA /* Debug */,
				F401C6342D1C2122007B98AA /* Release */,
			);
			defaultConfigurationIsVisible = 0;
			defaultConfigurationName = Release;
		};
/* End XCConfigurationList section */

/* Begin XCRemoteSwiftPackageReference section */
		F401C66B2D1C2831007B98AA /* XCRemoteSwiftPackageReference "HotKey" */ = {
			isa = XCRemoteSwiftPackageReference;
			repositoryURL = "https://github.com/soffes/HotKey";
			requirement = {
				branch = main;
				kind = branch;
			};
		};
		F401C6AC2D31811A007B98AA /* XCRemoteSwiftPackageReference "Defaults" */ = {
			isa = XCRemoteSwiftPackageReference;
			repositoryURL = "https://github.com/sindresorhus/Defaults";
			requirement = {
				kind = upToNextMajorVersion;
				minimumVersion = 9.0.1;
			};
		};
		F401C6AF2D318156007B98AA /* XCRemoteSwiftPackageReference "KeyboardShortcuts" */ = {
			isa = XCRemoteSwiftPackageReference;
			repositoryURL = "https://github.com/sindresorhus/KeyboardShortcuts";
			requirement = {
				kind = upToNextMajorVersion;
				minimumVersion = 2.2.4;
			};
		};
/* End XCRemoteSwiftPackageReference section */

/* Begin XCSwiftPackageProductDependency section */
		F401C66C2D1C2831007B98AA /* HotKey */ = {
			isa = XCSwiftPackageProductDependency;
			package = F401C66B2D1C2831007B98AA /* XCRemoteSwiftPackageReference "HotKey" */;
			productName = HotKey;
		};
		F401C6AD2D31811A007B98AA /* Defaults */ = {
			isa = XCSwiftPackageProductDependency;
			package = F401C6AC2D31811A007B98AA /* XCRemoteSwiftPackageReference "Defaults" */;
			productName = Defaults;
		};
		F401C6B02D318156007B98AA /* KeyboardShortcuts */ = {
			isa = XCSwiftPackageProductDependency;
			package = F401C6AF2D318156007B98AA /* XCRemoteSwiftPackageReference "KeyboardShortcuts" */;
			productName = KeyboardShortcuts;
		};
/* End XCSwiftPackageProductDependency section */
	};
	rootObject = F401C5FD2D1C2121007B98AA /* Project object */;
}
